{
  "originHash" : "c9c64b7cb7d91adfd9f778f73f29ef04ec33ee0c7df4084264de284d7a4f9e4d",
  "pins" : [
    {
      "identity" : "javascriptkit",
      "kind" : "remoteSourceControl",
      "location" : "https://github.com/swiftwasm/JavaScriptKit.git",
      "state" : {
        "revision" : "2d7bc960eed438dce7355710ece43fa004bbb3ac",
        "version" : "0.15.0"
      }
    },
    {
      "identity" : "opencombine",
      "kind" : "remoteSourceControl",
      "location" : "https://github.com/OpenCombine/OpenCombine.git",
      "state" : {
        "revision" : "8576f0d579b27020beccbccc3ea6844f3ddfc2c2",
        "version" : "0.14.0"
      }
    },
    {
      "identity" : "swift-argument-parser",
      "kind" : "remoteSourceControl",
      "location" : "https://github.com/apple/swift-argument-parser",
      "state" : {
        "revision" : "e1465042f195f374b94f915ba8ca49de24300a0d",
        "version" : "1.0.2"
      }
    },
    {
      "identity" : "swift-benchmark",
      "kind" : "remoteSourceControl",
      "location" : "https://github.com/google/swift-benchmark",
      "state" : {
        "revision" : "8163295f6fe82356b0bcf8e1ab991645de17d096",
        "version" : "0.1.2"
      }
    }
  ],
  "version" : 3
}
